// !$*UTF8*$!
{
	archiveVersion = 1;
	classes = {
	};
	objectVersion = 46;
	objects = {

/* Begin PBXBuildFile section */
		D4B3ECC91D3680E900EACADA /* AppDelegate.swift in Sources */ = {isa = PBXBuildFile; fileRef = D4B3ECC81D3680E900EACADA /* AppDelegate.swift */; };
		D4B3ECCB1D3680E900EACADA /* ViewController.swift in Sources */ = {isa = PBXBuildFile; fileRef = D4B3ECCA1D3680E900EACADA /* ViewController.swift */; };
		D4B3ECCE1D3680E900EACADA /* Main.storyboard in Resources */ = {isa = PBXBuildFile; fileRef = D4B3ECCC1D3680E900EACADA /* Main.storyboard */; };
		D4B3ECD01D3680E900EACADA /* Assets.xcassets in Resources */ = {isa = PBXBuildFile; fileRef = D4B3ECCF1D3680E900EACADA /* Assets.xcassets */; };
		D4B3ECD31D3680E900EACADA /* LaunchScreen.storyboard in Resources */ = {isa = PBXBuildFile; fileRef = D4B3ECD11D3680E900EACADA /* LaunchScreen.storyboard */; };
/* End PBXBuildFile section */

/* Begin PBXFileReference section */
		D4B3ECC51D3680E900EACADA /* Stackview.app */ = {isa = PBXFileReference; explicitFileType = wrapper.application; includeInIndex = 0; path = Stackview.app; sourceTree = BUILT_PRODUCTS_DIR; };
		D4B3ECC81D3680E900EACADA /* AppDelegate.swift */ = {isa = PBXFileReference; lastKnownFileType = sourcecode.swift; path = AppDelegate.swift; sourceTree = "<group>"; };
		D4B3ECCA1D3680E900EACADA /* ViewController.swift */ = {isa = PBXFileReference; lastKnownFileType = sourcecode.swift; path = ViewController.swift; sourceTree = "<group>"; };
		D4B3ECCD1D3680E900EACADA /* Base */ = {isa = PBXFileReference; lastKnownFileType = file.storyboard; name = Base; path = Base.lproj/Main.storyboard; sourceTree = "<group>"; };
		D4B3ECCF1D3680E900EACADA /* Assets.xcassets */ = {isa = PBXFileReference; lastKnownFileType = folder.assetcatalog; path = Assets.xcassets; sourceTree = "<group>"; };
		D4B3ECD21D3680E900EACADA /* Base */ = {isa = PBXFileReference; lastKnownFileType = file.storyboard; name = Base; path = Base.lproj/LaunchScreen.storyboard; sourceTree = "<group>"; };
		D4B3ECD41D3680E900EACADA /* Info.plist */ = {isa = PBXFileReference; lastKnownFileType = text.plist.xml; path = Info.plist; sourceTree = "<group>"; };
/* End PBXFileReference section */

/* Begin PBXFrameworksBuildPhase section */
		D4B3ECC21D3680E900EACADA /* Frameworks */ = {
			isa = PBXFrameworksBuildPhase;
			buildActionMask = 2147483647;
			files = (
			);
			runOnlyForDeploymentPostprocessing = 0;
		};
/* End PBXFrameworksBuildPhase section */

/* Begin PBXGroup section */
		D4B3ECBC1D3680E900EACADA = {
			isa = PBXGroup;
			children = (
				D4B3ECC71D3680E900EACADA /* Stackview */,
				D4B3ECC61D3680E900EACADA /* Products */,
			);
			sourceTree = "<group>";
		};
		D4B3ECC61D3680E900EACADA /* Products */ = {
			isa = PBXGroup;
			children = (
				D4B3ECC51D3680E900EACADA /* Stackview.app */,
			);
			name = Products;
			sourceTree = "<group>";
		};
		D4B3ECC71D3680E900EACADA /* Stackview */ = {
			isa = PBXGroup;
			children = (
				D4B3ECC81D3680E900EACADA /* AppDelegate.swift */,
				D4B3ECCA1D3680E900EACADA /* ViewController.swift */,
				D4B3ECCC1D3680E900EACADA /* Main.storyboard */,
				D4B3ECCF1D3680E900EACADA /* Assets.xcassets */,
				D4B3ECD11D3680E900EACADA /* LaunchScreen.storyboard */,
				D4B3ECD41D3680E900EACADA /* Info.plist */,
			);
			path = Stackview;
			sourceTree = "<group>";
		};
/* End PBXGroup section */

/* Begin PBXNativeTarget section */
		D4B3ECC41D3680E900EACADA /* Stackview */ = {
			isa = PBXNativeTarget;
			buildConfigurationList = D4B3ECD71D3680E900EACADA /* Build configuration list for PBXNativeTarget "Stackview" */;
			buildPhases = (
				D4B3ECC11D3680E900EACADA /* Sources */,
				D4B3ECC21D3680E900EACADA /* Frameworks */,
				D4B3ECC31D3680E900EACADA /* Resources */,
			);
			buildRules = (
			);
			dependencies = (
			);
			name = Stackview;
			productName = Stackview;
			productReference = D4B3ECC51D3680E900EACADA /* Stackview.app */;
			productType = "com.apple.product-type.application";
		};
/* End PBXNativeTarget section */

/* Begin PBXProject section */
		D4B3ECBD1D3680E900EACADA /* Project object */ = {
			isa = PBXProject;
			attributes = {
				LastSwiftUpdateCheck = 0730;
				LastUpgradeCheck = 0730;
				ORGANIZATIONNAME = "Stefan Mehnert";
				TargetAttributes = {
					D4B3ECC41D3680E900EACADA = {
						CreatedOnToolsVersion = 7.3.1;
						DevelopmentTeam = VNN46H7VJU;
					};
				};
			};
			buildConfigurationList = D4B3ECC01D3680E900EACADA /* Build configuration list for PBXProject "Stackview" */;
			compatibilityVersion = "Xcode 3.2";
			developmentRegion = English;
			hasScannedForEncodings = 0;
			knownRegions = (
				en,
				Base,
			);
			mainGroup = D4B3ECBC1D3680E900EACADA;
			productRefGroup = D4B3ECC61D3680E900EACADA /* Products */;
			projectDirPath = "";
			projectRoot = "";
			targets = (
				D4B3ECC41D3680E900EACADA /* Stackview */,
			);
		};
/* End PBXProject section */

/* Begin PBXResourcesBuildPhase section */
		D4B3ECC31D3680E900EACADA /* Resources */ = {
			isa = PBXResourcesBuildPhase;
			buildActionMask = 2147483647;
			files = (
				D4B3ECD31D3680E900EACADA /* LaunchScreen.storyboard in Resources */,
				D4B3ECD01D3680E900EACADA /* Assets.xcassets in Resources */,
				D4B3ECCE1D3680E900EACADA /* Main.storyboard in Resources */,
			);
			runOnlyForDeploymentPostprocessing = 0;
		};
/* End PBXResourcesBuildPhase section */

/* Begin PBXSourcesBuildPhase section */
		D4B3ECC11D3680E900EACADA /* Sources */ = {
			isa = PBXSourcesBuildPhase;
			buildActionMask = 2147483647;
			files = (
				D4B3ECCB1D3680E900EACADA /* ViewController.swift in Sources */,
				D4B3ECC91D3680E900EACADA /* AppDelegate.swift in Sources */,
			);
			runOnlyForDeploymentPostprocessing = 0;
		};
/* End PBXSourcesBuildPhase section */

/* Begin PBXVariantGroup section */
		D4B3ECCC1D3680E900EACADA /* Main.storyboard */ = {
			isa = PBXVariantGroup;
			children = (
				D4B3ECCD1D3680E900EACADA /* Base */,
			);
			name = Main.storyboard;
			sourceTree = "<group>";
		};
		D4B3ECD11D3680E900EACADA /* LaunchScreen.storyboard */ = {
			isa = PBXVariantGroup;
			children = (
				D4B3ECD21D3680E900EACADA /* Base */,
			);
			name = LaunchScreen.storyboard;
			sourceTree = "<group>";
		};
/* End PBXVariantGroup section */

/* Begin XCBuildConfiguration section */
		D4B3ECD51D3680E900EACADA /* Debug */ = {
			isa = XCBuildConfiguration;
			buildSettings = {
				ALWAYS_SEARCH_USER_PATHS = NO;
				CLANG_ANALYZER_NONNULL = YES;
				CLANG_CXX_LANGUAGE_STANDARD = "gnu++0x";
				CLANG_CXX_LIBRARY = "libc++";
				CLANG_ENABLE_MODULES = YES;
				CLANG_ENABLE_OBJC_ARC = YES;
				CLANG_WARN_BOOL_CONVERSION = YES;
				CLANG_WARN_CONSTANT_CONVERSION = YES;
				CLANG_WARN_DIRECT_OBJC_ISA_USAGE = YES_ERROR;
				CLANG_WARN_EMPTY_BODY = YES;
				CLANG_WARN_ENUM_CONVERSION = YES;
				CLANG_WARN_INT_CONVERSION = YES;
				CLANG_WARN_OBJC_ROOT_CLASS = YES_ERROR;
				CLANG_WARN_UNREACHABLE_CODE = YES;
				CLANG_WARN__DUPLICATE_METHOD_MATCH = YES;
				"CODE_SIGN_IDENTITY[sdk=iphoneos*]" = "iPhone Developer";
				COPY_PHASE_STRIP = NO;
				DEBUG_INFORMATION_FORMAT = dwarf;
				ENABLE_STRICT_OBJC_MSGSEND = YES;
				ENABLE_TESTABILITY = YES;
				GCC_C_LANGUAGE_STANDARD = gnu99;
				GCC_DYNAMIC_NO_PIC = NO;
				GCC_NO_COMMON_BLOCKS = YES;
				GCC_OPTIMIZATION_LEVEL = 0;
				GCC_PREPROCESSOR_DEFINITIONS = (
					"DEBUG=1",
					"$(inherited)",
				);
				GCC_WARN_64_TO_32_BIT_CONVERSION = YES;
				GCC_WARN_ABOUT_RETURN_TYPE = YES_ERROR;
				GCC_WARN_UNDECLARED_SELECTOR = YES;
				GCC_WARN_UNINITIALIZED_AUTOS = YES_AGGRESSIVE;
				GCC_WARN_UNUSED_FUNCTION = YES;
				GCC_WARN_UNUSED_VARIABLE = YES;
				IPHONEOS_DEPLOYMENT_TARGET = 9.3;
				MTL_ENABLE_DEBUG_INFO = YES;
				ONLY_ACTIVE_ARCH = YES;
				SDKROOT = iphoneos;
				SWIFT_OPTIMIZATION_LEVEL = "-Onone";
			};
			name = Debug;
		};
		D4B3ECD61D3680E900EACADA /* Release */ = {
			isa = XCBuildConfiguration;
			buildSettings = {
				ALWAYS_SEARCH_USER_PATHS = NO;
				CLANG_ANALYZER_NONNULL = YES;
				CLANG_CXX_LANGUAGE_STANDARD = "gnu++0x";
				CLANG_CXX_LIBRARY = "libc++";
				CLANG_ENABLE_MODULES = YES;
				CLANG_ENABLE_OBJC_ARC = YES;
				CLANG_WARN_BOOL_CONVERSION = YES;
				CLANG_WARN_CONSTANT_CONVERSION = YES;
				CLANG_WARN_DIRECT_OBJC_ISA_USAGE = YES_ERROR;
				CLANG_WARN_EMPTY_BODY = YES;
				CLANG_WARN_ENUM_CONVERSION = YES;
				CLANG_WARN_INT_CONVERSION = YES;
				CLANG_WARN_OBJC_ROOT_CLASS = YES_ERROR;
				CLANG_WARN_UNREACHABLE_CODE = YES;
				CLANG_WARN__DUPLICATE_METHOD_MATCH = YES;
				"CODE_SIGN_IDENTITY[sdk=iphoneos*]" = "iPhone Developer";
				COPY_PHASE_STRIP = NO;
				DEBUG_INFORMATION_FORMAT = "dwarf-with-dsym";
				ENABLE_NS_ASSERTIONS = NO;
				ENABLE_STRICT_OBJC_MSGSEND = YES;
				GCC_C_LANGUAGE_STANDARD = gnu99;
				GCC_NO_COMMON_BLOCKS = YES;
				GCC_WARN_64_TO_32_BIT_CONVERSION = YES;
				GCC_WARN_ABOUT_RETURN_TYPE = YES_ERROR;
				GCC_WARN_UNDECLARED_SELECTOR = YES;
				GCC_WARN_UNINITIALIZED_AUTOS = YES_AGGRESSIVE;
				GCC_WARN_UNUSED_FUNCTION = YES;
				GCC_WARN_UNUSED_VARIABLE = YES;
				IPHONEOS_DEPLOYMENT_TARGET = 9.3;
				MTL_ENABLE_DEBUG_INFO = NO;
				SDKROOT = iphoneos;
				VALIDATE_PRODUCT = YES;
			};
			name = Release;
		};
		D4B3ECD81D3680E900EACADA /* Debug */ = {
			isa = XCBuildConfiguration;
			buildSettings = {
				ASSETCATALOG_COMPILER_APPICON_NAME = AppIcon;
				INFOPLIST_FILE = Stackview/Info.plist;
				LD_RUNPATH_SEARCH_PATHS = "$(inherited) @executable_path/Frameworks";
				PRODUCT_BUNDLE_IDENTIFIER = de.sme.Stackview;
				PRODUCT_NAME = "$(TARGET_NAME)";
			};
			name = Debug;
		};
		D4B3ECD91D3680E900EACADA /* Release */ = {
			isa = XCBuildConfiguration;
			buildSettings = {
				ASSETCATALOG_COMPILER_APPICON_NAME = AppIcon;
				INFOPLIST_FILE = Stackview/Info.plist;
				LD_RUNPATH_SEARCH_PATHS = "$(inherited) @executable_path/Frameworks";
				PRODUCT_BUNDLE_IDENTIFIER = de.sme.Stackview;
				PRODUCT_NAME = "$(TARGET_NAME)";
			};
			name = Release;
		};
/* End XCBuildConfiguration section */

/* Begin XCConfigurationList section */
		D4B3ECC01D3680E900EACADA /* Build configuration list for PBXProject "Stackview" */ = {
			isa = XCConfigurationList;
			buildConfigurations = (
				D4B3ECD51D3680E900EACADA /* Debug */,
				D4B3ECD61D3680E900EACADA /* Release */,
			);
			defaultConfigurationIsVisible = 0;
			defaultConfigurationName = Release;
		};
		D4B3ECD71D3680E900EACADA /* Build configuration list for PBXNativeTarget "Stackview" */ = {
			isa = XCConfigurationList;
			buildConfigurations = (
				D4B3ECD81D3680E900EACADA /* Debug */,
				D4B3ECD91D3680E900EACADA /* Release */,
			);
			defaultConfigurationIsVisible = 0;
		};
/* End XCConfigurationList section */
	};
	rootObject = D4B3ECBD1D3680E900EACADA /* Project object */;
}
